// !$*UTF8*$!
{
	archiveVersion = 1;
	classes = {
	};
	objectVersion = 50;
	objects = {

/* Begin PBXBuildFile section */
		A919977C2369DA2A000EA6D1 /* CustomTableViewCell.swift in Sources */ = {isa = PBXBuildFile; fileRef = A919977B2369DA2A000EA6D1 /* CustomTableViewCell.swift */; };
		A919977E2369DB59000EA6D1 /* DataManager.swift in Sources */ = {isa = PBXBuildFile; fileRef = A919977D2369DB59000EA6D1 /* DataManager.swift */; };
		A9FF6C562369D861001D4607 /* AppDelegate.swift in Sources */ = {isa = PBXBuildFile; fileRef = A9FF6C552369D861001D4607 /* AppDelegate.swift */; };
		A9FF6C582369D861001D4607 /* SceneDelegate.swift in Sources */ = {isa = PBXBuildFile; fileRef = A9FF6C572369D861001D4607 /* SceneDelegate.swift */; };
		A9FF6C5A2369D861001D4607 /* ViewController.swift in Sources */ = {isa = PBXBuildFile; fileRef = A9FF6C592369D861001D4607 /* ViewController.swift */; };
		A9FF6C5D2369D861001D4607 /* Main.storyboard in Resources */ = {isa = PBXBuildFile; fileRef = A9FF6C5B2369D861001D4607 /* Main.storyboard */; };
		A9FF6C5F2369D864001D4607 /* Assets.xcassets in Resources */ = {isa = PBXBuildFile; fileRef = A9FF6C5E2369D864001D4607 /* Assets.xcassets */; };
		A9FF6C622369D864001D4607 /* LaunchScreen.storyboard in Resources */ = {isa = PBXBuildFile; fileRef = A9FF6C602369D864001D4607 /* LaunchScreen.storyboard */; };
/* End PBXBuildFile section */

/* Begin PBXFileReference section */
		A919977B2369DA2A000EA6D1 /* CustomTableViewCell.swift */ = {isa = PBXFileReference; lastKnownFileType = sourcecode.swift; path = CustomTableViewCell.swift; sourceTree = "<group>"; };
		A919977D2369DB59000EA6D1 /* DataManager.swift */ = {isa = PBXFileReference; lastKnownFileType = sourcecode.swift; path = DataManager.swift; sourceTree = "<group>"; };
		A9FF6C522369D861001D4607 /* Lesson6Task.app */ = {isa = PBXFileReference; explicitFileType = wrapper.application; includeInIndex = 0; path = Lesson6Task.app; sourceTree = BUILT_PRODUCTS_DIR; };
		A9FF6C552369D861001D4607 /* AppDelegate.swift */ = {isa = PBXFileReference; lastKnownFileType = sourcecode.swift; path = AppDelegate.swift; sourceTree = "<group>"; };
		A9FF6C572369D861001D4607 /* SceneDelegate.swift */ = {isa = PBXFileReference; lastKnownFileType = sourcecode.swift; path = SceneDelegate.swift; sourceTree = "<group>"; };
		A9FF6C592369D861001D4607 /* ViewController.swift */ = {isa = PBXFileReference; lastKnownFileType = sourcecode.swift; path = ViewController.swift; sourceTree = "<group>"; };
		A9FF6C5C2369D861001D4607 /* Base */ = {isa = PBXFileReference; lastKnownFileType = file.storyboard; name = Base; path = Base.lproj/Main.storyboard; sourceTree = "<group>"; };
		A9FF6C5E2369D864001D4607 /* Assets.xcassets */ = {isa = PBXFileReference; lastKnownFileType = folder.assetcatalog; path = Assets.xcassets; sourceTree = "<group>"; };
		A9FF6C612369D864001D4607 /* Base */ = {isa = PBXFileReference; lastKnownFileType = file.storyboard; name = Base; path = Base.lproj/LaunchScreen.storyboard; sourceTree = "<group>"; };
		A9FF6C632369D864001D4607 /* Info.plist */ = {isa = PBXFileReference; lastKnownFileType = text.plist.xml; path = Info.plist; sourceTree = "<group>"; };
/* End PBXFileReference section */

/* Begin PBXFrameworksBuildPhase section */
		A9FF6C4F2369D861001D4607 /* Frameworks */ = {
			isa = PBXFrameworksBuildPhase;
			buildActionMask = 2147483647;
			files = (
			);
			runOnlyForDeploymentPostprocessing = 0;
		};
/* End PBXFrameworksBuildPhase section */

/* Begin PBXGroup section */
		A9FF6C492369D861001D4607 = {
			isa = PBXGroup;
			children = (
				A9FF6C542369D861001D4607 /* Lesson6Task */,
				A9FF6C532369D861001D4607 /* Products */,
			);
			sourceTree = "<group>";
		};
		A9FF6C532369D861001D4607 /* Products */ = {
			isa = PBXGroup;
			children = (
				A9FF6C522369D861001D4607 /* Lesson6Task.app */,
			);
			name = Products;
			sourceTree = "<group>";
		};
		A9FF6C542369D861001D4607 /* Lesson6Task */ = {
			isa = PBXGroup;
			children = (
				A9FF6C552369D861001D4607 /* AppDelegate.swift */,
				A9FF6C572369D861001D4607 /* SceneDelegate.swift */,
				A9FF6C592369D861001D4607 /* ViewController.swift */,
				A9FF6C5B2369D861001D4607 /* Main.storyboard */,
				A9FF6C5E2369D864001D4607 /* Assets.xcassets */,
				A9FF6C602369D864001D4607 /* LaunchScreen.storyboard */,
				A9FF6C632369D864001D4607 /* Info.plist */,
				A919977B2369DA2A000EA6D1 /* CustomTableViewCell.swift */,
				A919977D2369DB59000EA6D1 /* DataManager.swift */,
			);
			path = Lesson6Task;
			sourceTree = "<group>";
		};
/* End PBXGroup section */

/* Begin PBXNativeTarget section */
		A9FF6C512369D861001D4607 /* Lesson6Task */ = {
			isa = PBXNativeTarget;
			buildConfigurationList = A9FF6C662369D864001D4607 /* Build configuration list for PBXNativeTarget "Lesson6Task" */;
			buildPhases = (
				A9FF6C4E2369D861001D4607 /* Sources */,
				A9FF6C4F2369D861001D4607 /* Frameworks */,
				A9FF6C502369D861001D4607 /* Resources */,
			);
			buildRules = (
			);
			dependencies = (
			);
			name = Lesson6Task;
			productName = Lesson6Task;
			productReference = A9FF6C522369D861001D4607 /* Lesson6Task.app */;
			productType = "com.apple.product-type.application";
		};
/* End PBXNativeTarget section */

/* Begin PBXProject section */
		A9FF6C4A2369D861001D4607 /* Project object */ = {
			isa = PBXProject;
			attributes = {
				LastSwiftUpdateCheck = 1110;
				LastUpgradeCheck = 1110;
				ORGANIZATIONNAME = "Сергей Шабельник";
				TargetAttributes = {
					A9FF6C512369D861001D4607 = {
						CreatedOnToolsVersion = 11.1;
					};
				};
			};
			buildConfigurationList = A9FF6C4D2369D861001D4607 /* Build configuration list for PBXProject "Lesson6Task" */;
			compatibilityVersion = "Xcode 9.3";
			developmentRegion = en;
			hasScannedForEncodings = 0;
			knownRegions = (
				en,
				Base,
			);
			mainGroup = A9FF6C492369D861001D4607;
			productRefGroup = A9FF6C532369D861001D4607 /* Products */;
			projectDirPath = "";
			projectRoot = "";
			targets = (
				A9FF6C512369D861001D4607 /* Lesson6Task */,
			);
		};
/* End PBXProject section */

/* Begin PBXResourcesBuildPhase section */
		A9FF6C502369D861001D4607 /* Resources */ = {
			isa = PBXResourcesBuildPhase;
			buildActionMask = 2147483647;
			files = (
				A9FF6C622369D864001D4607 /* LaunchScreen.storyboard in Resources */,
				A9FF6C5F2369D864001D4607 /* Assets.xcassets in Resources */,
				A9FF6C5D2369D861001D4607 /* Main.storyboard in Resources */,
			);
			runOnlyForDeploymentPostprocessing = 0;
		};
/* End PBXResourcesBuildPhase section */

/* Begin PBXSourcesBuildPhase section */
		A9FF6C4E2369D861001D4607 /* Sources */ = {
			isa = PBXSourcesBuildPhase;
			buildActionMask = 2147483647;
			files = (
				A9FF6C5A2369D861001D4607 /* ViewController.swift in Sources */,
				A919977E2369DB59000EA6D1 /* DataManager.swift in Sources */,
				A9FF6C562369D861001D4607 /* AppDelegate.swift in Sources */,
				A919977C2369DA2A000EA6D1 /* CustomTableViewCell.swift in Sources */,
				A9FF6C582369D861001D4607 /* SceneDelegate.swift in Sources */,
			);
			runOnlyForDeploymentPostprocessing = 0;
		};
/* End PBXSourcesBuildPhase section */

/* Begin PBXVariantGroup section */
		A9FF6C5B2369D861001D4607 /* Main.storyboard */ = {
			isa = PBXVariantGroup;
			children = (
				A9FF6C5C2369D861001D4607 /* Base */,
			);
			name = Main.storyboard;
			sourceTree = "<group>";
		};
		A9FF6C602369D864001D4607 /* LaunchScreen.storyboard */ = {
			isa = PBXVariantGroup;
			children = (
				A9FF6C612369D864001D4607 /* Base */,
			);
			name = LaunchScreen.storyboard;
			sourceTree = "<group>";
		};
/* End PBXVariantGroup section */

/* Begin XCBuildConfiguration section */
		A9FF6C642369D864001D4607 /* Debug */ = {
			isa = XCBuildConfiguration;
			buildSettings = {
				ALWAYS_SEARCH_USER_PATHS = NO;
				CLANG_ANALYZER_NONNULL = YES;
				CLANG_ANALYZER_NUMBER_OBJECT_CONVERSION = YES_AGGRESSIVE;
				CLANG_CXX_LANGUAGE_STANDARD = "gnu++14";
				CLANG_CXX_LIBRARY = "libc++";
				CLANG_ENABLE_MODULES = YES;
				CLANG_ENABLE_OBJC_ARC = YES;
				CLANG_ENABLE_OBJC_WEAK = YES;
				CLANG_WARN_BLOCK_CAPTURE_AUTORELEASING = YES;
				CLANG_WARN_BOOL_CONVERSION = YES;
				CLANG_WARN_COMMA = YES;
				CLANG_WARN_CONSTANT_CONVERSION = YES;
				CLANG_WARN_DEPRECATED_OBJC_IMPLEMENTATIONS = YES;
				CLANG_WARN_DIRECT_OBJC_ISA_USAGE = YES_ERROR;
				CLANG_WARN_DOCUMENTATION_COMMENTS = YES;
				CLANG_WARN_EMPTY_BODY = YES;
				CLANG_WARN_ENUM_CONVERSION = YES;
				CLANG_WARN_INFINITE_RECURSION = YES;
				CLANG_WARN_INT_CONVERSION = YES;
				CLANG_WARN_NON_LITERAL_NULL_CONVERSION = YES;
				CLANG_WARN_OBJC_IMPLICIT_RETAIN_SELF = YES;
				CLANG_WARN_OBJC_LITERAL_CONVERSION = YES;
				CLANG_WARN_OBJC_ROOT_CLASS = YES_ERROR;
				CLANG_WARN_RANGE_LOOP_ANALYSIS = YES;
				CLANG_WARN_STRICT_PROTOTYPES = YES;
				CLANG_WARN_SUSPICIOUS_MOVE = YES;
				CLANG_WARN_UNGUARDED_AVAILABILITY = YES_AGGRESSIVE;
				CLANG_WARN_UNREACHABLE_CODE = YES;
				CLANG_WARN__DUPLICATE_METHOD_MATCH = YES;
				COPY_PHASE_STRIP = NO;
				DEBUG_INFORMATION_FORMAT = dwarf;
				ENABLE_STRICT_OBJC_MSGSEND = YES;
				ENABLE_TESTABILITY = YES;
				GCC_C_LANGUAGE_STANDARD = gnu11;
				GCC_DYNAMIC_NO_PIC = NO;
				GCC_NO_COMMON_BLOCKS = YES;
				GCC_OPTIMIZATION_LEVEL = 0;
				GCC_PREPROCESSOR_DEFINITIONS = (
					"DEBUG=1",
					"$(inherited)",
				);
				GCC_WARN_64_TO_32_BIT_CONVERSION = YES;
				GCC_WARN_ABOUT_RETURN_TYPE = YES_ERROR;
				GCC_WARN_UNDECLARED_SELECTOR = YES;
				GCC_WARN_UNINITIALIZED_AUTOS = YES_AGGRESSIVE;
				GCC_WARN_UNUSED_FUNCTION = YES;
				GCC_WARN_UNUSED_VARIABLE = YES;
				IPHONEOS_DEPLOYMENT_TARGET = 13.1;
				MTL_ENABLE_DEBUG_INFO = INCLUDE_SOURCE;
				MTL_FAST_MATH = YES;
				ONLY_ACTIVE_ARCH = YES;
				SDKROOT = iphoneos;
				SWIFT_ACTIVE_COMPILATION_CONDITIONS = DEBUG;
				SWIFT_OPTIMIZATION_LEVEL = "-Onone";
			};
			name = Debug;
		};
		A9FF6C652369D864001D4607 /* Release */ = {
			isa = XCBuildConfiguration;
			buildSettings = {
				ALWAYS_SEARCH_USER_PATHS = NO;
				CLANG_ANALYZER_NONNULL = YES;
				CLANG_ANALYZER_NUMBER_OBJECT_CONVERSION = YES_AGGRESSIVE;
				CLANG_CXX_LANGUAGE_STANDARD = "gnu++14";
				CLANG_CXX_LIBRARY = "libc++";
				CLANG_ENABLE_MODULES = YES;
				CLANG_ENABLE_OBJC_ARC = YES;
				CLANG_ENABLE_OBJC_WEAK = YES;
				CLANG_WARN_BLOCK_CAPTURE_AUTORELEASING = YES;
				CLANG_WARN_BOOL_CONVERSION = YES;
				CLANG_WARN_COMMA = YES;
				CLANG_WARN_CONSTANT_CONVERSION = YES;
				CLANG_WARN_DEPRECATED_OBJC_IMPLEMENTATIONS = YES;
				CLANG_WARN_DIRECT_OBJC_ISA_USAGE = YES_ERROR;
				CLANG_WARN_DOCUMENTATION_COMMENTS = YES;
				CLANG_WARN_EMPTY_BODY = YES;
				CLANG_WARN_ENUM_CONVERSION = YES;
				CLANG_WARN_INFINITE_RECURSION = YES;
				CLANG_WARN_INT_CONVERSION = YES;
				CLANG_WARN_NON_LITERAL_NULL_CONVERSION = YES;
				CLANG_WARN_OBJC_IMPLICIT_RETAIN_SELF = YES;
				CLANG_WARN_OBJC_LITERAL_CONVERSION = YES;
				CLANG_WARN_OBJC_ROOT_CLASS = YES_ERROR;
				CLANG_WARN_RANGE_LOOP_ANALYSIS = YES;
				CLANG_WARN_STRICT_PROTOTYPES = YES;
				CLANG_WARN_SUSPICIOUS_MOVE = YES;
				CLANG_WARN_UNGUARDED_AVAILABILITY = YES_AGGRESSIVE;
				CLANG_WARN_UNREACHABLE_CODE = YES;
				CLANG_WARN__DUPLICATE_METHOD_MATCH = YES;
				COPY_PHASE_STRIP = NO;
				DEBUG_INFORMATION_FORMAT = "dwarf-with-dsym";
				ENABLE_NS_ASSERTIONS = NO;
				ENABLE_STRICT_OBJC_MSGSEND = YES;
				GCC_C_LANGUAGE_STANDARD = gnu11;
				GCC_NO_COMMON_BLOCKS = YES;
				GCC_WARN_64_TO_32_BIT_CONVERSION = YES;
				GCC_WARN_ABOUT_RETURN_TYPE = YES_ERROR;
				GCC_WARN_UNDECLARED_SELECTOR = YES;
				GCC_WARN_UNINITIALIZED_AUTOS = YES_AGGRESSIVE;
				GCC_WARN_UNUSED_FUNCTION = YES;
				GCC_WARN_UNUSED_VARIABLE = YES;
				IPHONEOS_DEPLOYMENT_TARGET = 13.1;
				MTL_ENABLE_DEBUG_INFO = NO;
				MTL_FAST_MATH = YES;
				SDKROOT = iphoneos;
				SWIFT_COMPILATION_MODE = wholemodule;
				SWIFT_OPTIMIZATION_LEVEL = "-O";
				VALIDATE_PRODUCT = YES;
			};
			name = Release;
		};
		A9FF6C672369D864001D4607 /* Debug */ = {
			isa = XCBuildConfiguration;
			buildSettings = {
				ASSETCATALOG_COMPILER_APPICON_NAME = AppIcon;
				CODE_SIGN_STYLE = Automatic;
				DEVELOPMENT_TEAM = 9R79P9XH2G;
				INFOPLIST_FILE = Lesson6Task/Info.plist;
				LD_RUNPATH_SEARCH_PATHS = (
					"$(inherited)",
					"@executable_path/Frameworks",
				);
				PRODUCT_BUNDLE_IDENTIFIER = ITIS.Lesson6Task;
				PRODUCT_NAME = "$(TARGET_NAME)";
				SWIFT_VERSION = 5.0;
				TARGETED_DEVICE_FAMILY = "1,2";
			};
			name = Debug;
		};
		A9FF6C682369D864001D4607 /* Release */ = {
			isa = XCBuildConfiguration;
			buildSettings = {
				ASSETCATALOG_COMPILER_APPICON_NAME = AppIcon;
				CODE_SIGN_STYLE = Automatic;
				DEVELOPMENT_TEAM = 9R79P9XH2G;
				INFOPLIST_FILE = Lesson6Task/Info.plist;
				LD_RUNPATH_SEARCH_PATHS = (
					"$(inherited)",
					"@executable_path/Frameworks",
				);
				PRODUCT_BUNDLE_IDENTIFIER = ITIS.Lesson6Task;
				PRODUCT_NAME = "$(TARGET_NAME)";
				SWIFT_VERSION = 5.0;
				TARGETED_DEVICE_FAMILY = "1,2";
			};
			name = Release;
		};
/* End XCBuildConfiguration section */

/* Begin XCConfigurationList section */
		A9FF6C4D2369D861001D4607 /* Build configuration list for PBXProject "Lesson6Task" */ = {
			isa = XCConfigurationList;
			buildConfigurations = (
				A9FF6C642369D864001D4607 /* Debug */,
				A9FF6C652369D864001D4607 /* Release */,
			);
			defaultConfigurationIsVisible = 0;
			defaultConfigurationName = Release;
		};
		A9FF6C662369D864001D4607 /* Build configuration list for PBXNativeTarget "Lesson6Task" */ = {
			isa = XCConfigurationList;
			buildConfigurations = (
				A9FF6C672369D864001D4607 /* Debug */,
				A9FF6C682369D864001D4607 /* Release */,
			);
			defaultConfigurationIsVisible = 0;
			defaultConfigurationName = Release;
		};
/* End XCConfigurationList section */
	};
	rootObject = A9FF6C4A2369D861001D4607 /* Project object */;
}
